<?xml version="1.0" encoding="utf-8"?>
<Project ToolsVersion="4.0" xmlns="http://schemas.microsoft.com/developer/msbuild/2003">
  <ItemGroup>
    <Filter Include="Source Files">
      <UniqueIdentifier>{4FC737F1-C7A5-4376-A066-2A32D752A2FF}</UniqueIdentifier>
      <Extensions>cpp;c;cc;cxx;def;odl;idl;hpj;bat;asm;asmx</Extensions>
    </Filter>
    <Filter Include="Source Files\render">
      <UniqueIdentifier>{900492f0-bb90-4343-bf1e-aa3f2d64f5ff}</UniqueIdentifier>
    </Filter>
    <Filter Include="Source Files\util">
      <UniqueIdentifier>{93360662-d617-4c67-8796-ad83bbde2e35}</UniqueIdentifier>
    </Filter>
    <Filter Include="Source Files\game">
      <UniqueIdentifier>{1350798a-99a6-4ca3-943e-c6eeeac85897}</UniqueIdentifier>
    </Filter>
    <Filter Include="Source Files\input">
      <UniqueIdentifier>{369f4a3a-3780-48ea-ac09-f7b2f561c138}</UniqueIdentifier>
    </Filter>
    <Filter Include="Source Files\game\actor">
      <UniqueIdentifier>{daae062d-a80f-44ab-83ca-bde3d3413a5c}</UniqueIdentifier>
    </Filter>
    <Filter Include="LibSDL x86">
      <UniqueIdentifier>{03027036-52ff-4cf0-8103-51f13b3b980c}</UniqueIdentifier>
    </Filter>
    <Filter Include="LibSDL x64">
      <UniqueIdentifier>{aefb60e1-2ed6-47dc-8fe1-735e48213c05}</UniqueIdentifier>
    </Filter>
    <Filter Include="Source Files\debugutil">
      <UniqueIdentifier>{5aebc0eb-8385-4c17-ab54-f0eada4872d9}</UniqueIdentifier>
    </Filter>
    <Filter Include="Source Files\map">
      <UniqueIdentifier>{6deaf4eb-ad00-4e01-a1d2-d954341dafde}</UniqueIdentifier>
    </Filter>
    <Filter Include="Source Files\render\lighting">
      <UniqueIdentifier>{1317292a-cf29-4a7c-879a-e5d6b412b5a0}</UniqueIdentifier>
    </Filter>
    <Filter Include="Source Files\render\color">
      <UniqueIdentifier>{64b9aea9-b0d9-4ef4-8f5d-37fae26b61f4}</UniqueIdentifier>
    </Filter>
    <Filter Include="Source Files\map\block">
      <UniqueIdentifier>{3c44ea86-7f3f-4350-8794-058c28d28a6e}</UniqueIdentifier>
    </Filter>
  </ItemGroup>
  <ItemGroup>
    <ClInclude Include="render\window.h">
      <Filter>Source Files\render</Filter>
    </ClInclude>
    <ClInclude Include="render\render.h">
      <Filter>Source Files\render</Filter>
    </ClInclude>
    <ClInclude Include="render\ttf.h">
      <Filter>Source Files\render</Filter>
    </ClInclude>
    <ClInclude Include="render\scan.h">
      <Filter>Source Files\render</Filter>
    </ClInclude>
    <ClInclude Include="render\frame.h">
      <Filter>Source Files\render</Filter>
    </ClInclude>
    <ClInclude Include="input\input.h">
      <Filter>Source Files\input</Filter>
    </ClInclude>
    <ClInclude Include="input\inputmap.h">
      <Filter>Source Files\input</Filter>
    </ClInclude>
    <ClInclude Include="map\cell.h">
      <Filter>Source Files\map</Filter>
    </ClInclude>
    <ClInclude Include="map\map.h">
      <Filter>Source Files\map</Filter>
    </ClInclude>
    <ClInclude Include="render\gfxloader.h">
      <Filter>Source Files\render</Filter>
    </ClInclude>
    <ClInclude Include="input\mouselook.h">
      <Filter>Source Files\input</Filter>
    </ClInclude>
    <ClInclude Include="render\sprite.h">
      <Filter>Source Files\render</Filter>
    </ClInclude>
    <ClInclude Include="render\renderconstants.h">
      <Filter>Source Files\render</Filter>
    </ClInclude>
    <ClInclude Include="map\mapupdate.h">
      <Filter>Source Files\map</Filter>
    </ClInclude>
    <ClInclude Include="application.h">
      <Filter>Source Files</Filter>
    </ClInclude>
    <ClInclude Include="scrimCaster.h">
      <Filter>Source Files</Filter>
    </ClInclude>
    <ClInclude Include="common.h">
      <Filter>Source Files</Filter>
    </ClInclude>
    <ClInclude Include="geometry.h">
      <Filter>Source Files</Filter>
    </ClInclude>
    <ClInclude Include="util\mathutil.h">
      <Filter>Source Files\util</Filter>
    </ClInclude>
    <ClInclude Include="render\automap.h">
      <Filter>Source Files\render</Filter>
    </ClInclude>
    <ClInclude Include="debugutil\watch.h">
      <Filter>Source Files\debugutil</Filter>
    </ClInclude>
    <ClInclude Include="render\renderdebug.h">
      <Filter>Source Files\render</Filter>
    </ClInclude>
    <ClInclude Include="render\renderutil.h">
      <Filter>Source Files\render</Filter>
    </ClInclude>
    <ClInclude Include="render\texture.h">
      <Filter>Source Files\render</Filter>
    </ClInclude>
    <ClInclude Include="angle.h">
      <Filter>Source Files</Filter>
    </ClInclude>
    <ClInclude Include="render\skybox.h">
      <Filter>Source Files\render</Filter>
    </ClInclude>
    <ClInclude Include="render\lighting\lighting.h">
      <Filter>Source Files\render\lighting</Filter>
    </ClInclude>
    <ClInclude Include="render\lighting\smoothlight.h">
      <Filter>Source Files\render\lighting</Filter>
    </ClInclude>
    <ClInclude Include="render\color\colormap.h">
      <Filter>Source Files\render\color</Filter>
    </ClInclude>
    <ClInclude Include="render\color\colorramp.h">
      <Filter>Source Files\render\color</Filter>
    </ClInclude>
    <ClInclude Include="game\camera.h">
      <Filter>Source Files\game</Filter>
    </ClInclude>
    <ClInclude Include="game\game.h">
      <Filter>Source Files\game</Filter>
    </ClInclude>
    <ClInclude Include="game\actor\actor.h">
      <Filter>Source Files\game\actor</Filter>
    </ClInclude>
    <ClInclude Include="game\actor\actorcontainers.h">
      <Filter>Source Files\game\actor</Filter>
    </ClInclude>
    <ClInclude Include="game\actor\player.h">
      <Filter>Source Files\game\actor</Filter>
    </ClInclude>
    <ClInclude Include="map\mapobject.h">
      <Filter>Source Files\map</Filter>
    </ClInclude>
    <ClInclude Include="game\gameobjects.h">
      <Filter>Source Files\game</Filter>
    </ClInclude>
    <ClInclude Include="render\decal.h">
      <Filter>Source Files\render</Filter>
    </ClInclude>
    <ClInclude Include="render\viewport.h">
      <Filter>Source Files\render</Filter>
    </ClInclude>
    <ClInclude Include="map\block\blockmap.h">
      <Filter>Source Files\map\block</Filter>
    </ClInclude>
    <ClInclude Include="map\block\block_iterator.h">
      <Filter>Source Files\map\block</Filter>
    </ClInclude>
    <ClInclude Include="map\block\block_tree.h">
      <Filter>Source Files\map\block</Filter>
    </ClInclude>
  </ItemGroup>
  <ItemGroup>
    <ClCompile Include="scrimCaster.c">
      <Filter>Source Files</Filter>
    </ClCompile>
    <ClCompile Include="render\window.c">
      <Filter>Source Files\render</Filter>
    </ClCompile>
    <ClCompile Include="render\render.c">
      <Filter>Source Files\render</Filter>
    </ClCompile>
    <ClCompile Include="render\ttf.c">
      <Filter>Source Files\render</Filter>
    </ClCompile>
    <ClCompile Include="render\scan.c">
      <Filter>Source Files\render</Filter>
    </ClCompile>
    <ClCompile Include="render\frame.c">
      <Filter>Source Files\render</Filter>
    </ClCompile>
    <ClCompile Include="input\input.c">
      <Filter>Source Files\input</Filter>
    </ClCompile>
    <ClCompile Include="input\inputmap.c">
      <Filter>Source Files\input</Filter>
    </ClCompile>
    <ClCompile Include="map\cell.c">
      <Filter>Source Files\map</Filter>
    </ClCompile>
    <ClCompile Include="map\map.c">
      <Filter>Source Files\map</Filter>
    </ClCompile>
    <ClCompile Include="render\gfxloader.c">
      <Filter>Source Files\render</Filter>
    </ClCompile>
    <ClCompile Include="input\mouselook.c">
      <Filter>Source Files\input</Filter>
    </ClCompile>
    <ClCompile Include="render\sprite.c">
      <Filter>Source Files\render</Filter>
    </ClCompile>
    <ClCompile Include="render\renderconstants.c">
      <Filter>Source Files\render</Filter>
    </ClCompile>
    <ClCompile Include="map\mapupdate.c">
      <Filter>Source Files\map</Filter>
    </ClCompile>
    <ClCompile Include="application.c">
      <Filter>Source Files</Filter>
    </ClCompile>
    <ClCompile Include="geometry.c">
      <Filter>Source Files</Filter>
    </ClCompile>
    <ClCompile Include="util\mathutil.c">
      <Filter>Source Files\util</Filter>
    </ClCompile>
    <ClCompile Include="render\renderutil.c">
      <Filter>Source Files\render</Filter>
    </ClCompile>
    <ClCompile Include="render\automap.c">
      <Filter>Source Files\render</Filter>
    </ClCompile>
    <ClCompile Include="render\renderdebug.c">
      <Filter>Source Files\render</Filter>
    </ClCompile>
    <ClCompile Include="render\texture.c">
      <Filter>Source Files\render</Filter>
    </ClCompile>
    <ClCompile Include="debugutil\watch.c">
      <Filter>Source Files\debugutil</Filter>
    </ClCompile>
    <ClCompile Include="angle.c">
      <Filter>Source Files</Filter>
    </ClCompile>
    <ClCompile Include="render\skybox.c">
      <Filter>Source Files\render</Filter>
    </ClCompile>
    <ClCompile Include="render\lighting\lighting.c">
      <Filter>Source Files\render\lighting</Filter>
    </ClCompile>
    <ClCompile Include="render\lighting\smoothlight.c">
      <Filter>Source Files\render\lighting</Filter>
    </ClCompile>
    <ClCompile Include="render\color\colorramp.c">
      <Filter>Source Files\render\color</Filter>
    </ClCompile>
    <ClCompile Include="render\color\colormap.c">
      <Filter>Source Files\render\color</Filter>
    </ClCompile>
    <ClCompile Include="game\camera.c">
      <Filter>Source Files\game</Filter>
    </ClCompile>
    <ClCompile Include="game\game.c">
      <Filter>Source Files\game</Filter>
    </ClCompile>
    <ClCompile Include="game\actor\actor.c">
      <Filter>Source Files\game\actor</Filter>
    </ClCompile>
    <ClCompile Include="game\actor\actorcontainers.c">
      <Filter>Source Files\game\actor</Filter>
    </ClCompile>
    <ClCompile Include="game\actor\player.c">
      <Filter>Source Files\game\actor</Filter>
    </ClCompile>
    <ClCompile Include="game\actor\actorlogic.h">
      <Filter>Source Files\game\actor</Filter>
    </ClCompile>
    <ClCompile Include="game\actor\actorlogic.c">
      <Filter>Source Files\game\actor</Filter>
    </ClCompile>
    <ClCompile Include="map\mapobject.c">
      <Filter>Source Files\map</Filter>
    </ClCompile>
    <ClCompile Include="game\gameobjects.c">
      <Filter>Source Files\game</Filter>
    </ClCompile>
    <ClCompile Include="render\decal.c">
      <Filter>Source Files\render</Filter>
    </ClCompile>
    <ClCompile Include="render\viewport.c">
      <Filter>Source Files\render</Filter>
    </ClCompile>
    <ClCompile Include="map\block\blockmap.c">
      <Filter>Source Files\map\block</Filter>
    </ClCompile>
    <ClCompile Include="map\block\block_iterator.c">
      <Filter>Source Files\map\block</Filter>
    </ClCompile>
    <ClCompile Include="map\block\block_tree.c">
      <Filter>Source Files\map\block</Filter>
    </ClCompile>
  </ItemGroup>
  <ItemGroup>
    <Library Include="libsdl\SDL2-2.0.4\lib\x86\SDL2.lib">
      <Filter>LibSDL x86</Filter>
    </Library>
    <Library Include="libsdl\SDL2-2.0.4\lib\x86\SDL2main.lib">
      <Filter>LibSDL x86</Filter>
    </Library>
    <Library Include="libsdl\SDL2_ttf-2.0.14\lib\x86\SDL2_ttf.lib">
      <Filter>LibSDL x86</Filter>
    </Library>
    <Library Include="libsdl\SDL2_image-2.0.1\lib\x86\SDL2_image.lib">
      <Filter>LibSDL x86</Filter>
    </Library>
    <Library Include="libsdl\SDL2-2.0.4\lib\x64\SDL2.lib">
      <Filter>LibSDL x64</Filter>
    </Library>
    <Library Include="libsdl\SDL2-2.0.4\lib\x64\SDL2main.lib">
      <Filter>LibSDL x64</Filter>
    </Library>
    <Library Include="libsdl\SDL2_ttf-2.0.14\lib\x64\SDL2_ttf.lib">
      <Filter>LibSDL x64</Filter>
    </Library>
    <Library Include="libsdl\SDL2_image-2.0.1\lib\x64\SDL2_image.lib">
      <Filter>LibSDL x64</Filter>
    </Library>
  </ItemGroup>
</Project>